// !$*UTF8*$!
{
	archiveVersion = 1;
	classes = {
	};
	objectVersion = 50;
	objects = {

/* Begin PBXBuildFile section */
		B6EBD15A24D7A0A8008C7A85 /* AppDelegate.swift in Sources */ = {isa = PBXBuildFile; fileRef = B6EBD15924D7A0A8008C7A85 /* AppDelegate.swift */; };
		B6EBD15C24D7A0A8008C7A85 /* SceneDelegate.swift in Sources */ = {isa = PBXBuildFile; fileRef = B6EBD15B24D7A0A8008C7A85 /* SceneDelegate.swift */; };
		B6EBD15E24D7A0A8008C7A85 /* ViewController.swift in Sources */ = {isa = PBXBuildFile; fileRef = B6EBD15D24D7A0A8008C7A85 /* ViewController.swift */; };
		B6EBD16124D7A0A8008C7A85 /* Main.storyboard in Resources */ = {isa = PBXBuildFile; fileRef = B6EBD15F24D7A0A8008C7A85 /* Main.storyboard */; };
		B6EBD16324D7A0AE008C7A85 /* Assets.xcassets in Resources */ = {isa = PBXBuildFile; fileRef = B6EBD16224D7A0AE008C7A85 /* Assets.xcassets */; };
		B6EBD16624D7A0AE008C7A85 /* LaunchScreen.storyboard in Resources */ = {isa = PBXBuildFile; fileRef = B6EBD16424D7A0AE008C7A85 /* LaunchScreen.storyboard */; };
		B6EBD17124D7A0AF008C7A85 /* TipCalcTests.swift in Sources */ = {isa = PBXBuildFile; fileRef = B6EBD17024D7A0AF008C7A85 /* TipCalcTests.swift */; };
		B6EBD17C24D7A0AF008C7A85 /* TipCalcUITests.swift in Sources */ = {isa = PBXBuildFile; fileRef = B6EBD17B24D7A0AF008C7A85 /* TipCalcUITests.swift */; };
/* End PBXBuildFile section */

/* Begin PBXContainerItemProxy section */
		B6EBD16D24D7A0AF008C7A85 /* PBXContainerItemProxy */ = {
			isa = PBXContainerItemProxy;
			containerPortal = B6EBD14E24D7A0A8008C7A85 /* Project object */;
			proxyType = 1;
			remoteGlobalIDString = B6EBD15524D7A0A8008C7A85;
			remoteInfo = TipCalc;
		};
		B6EBD17824D7A0AF008C7A85 /* PBXContainerItemProxy */ = {
			isa = PBXContainerItemProxy;
			containerPortal = B6EBD14E24D7A0A8008C7A85 /* Project object */;
			proxyType = 1;
			remoteGlobalIDString = B6EBD15524D7A0A8008C7A85;
			remoteInfo = TipCalc;
		};
/* End PBXContainerItemProxy section */

/* Begin PBXFileReference section */
		B6EBD15624D7A0A8008C7A85 /* TipCalc.app */ = {isa = PBXFileReference; explicitFileType = wrapper.application; includeInIndex = 0; path = TipCalc.app; sourceTree = BUILT_PRODUCTS_DIR; };
		B6EBD15924D7A0A8008C7A85 /* AppDelegate.swift */ = {isa = PBXFileReference; lastKnownFileType = sourcecode.swift; path = AppDelegate.swift; sourceTree = "<group>"; };
		B6EBD15B24D7A0A8008C7A85 /* SceneDelegate.swift */ = {isa = PBXFileReference; lastKnownFileType = sourcecode.swift; path = SceneDelegate.swift; sourceTree = "<group>"; };
		B6EBD15D24D7A0A8008C7A85 /* ViewController.swift */ = {isa = PBXFileReference; lastKnownFileType = sourcecode.swift; path = ViewController.swift; sourceTree = "<group>"; };
		B6EBD16024D7A0A8008C7A85 /* Base */ = {isa = PBXFileReference; lastKnownFileType = file.storyboard; name = Base; path = Base.lproj/Main.storyboard; sourceTree = "<group>"; };
		B6EBD16224D7A0AE008C7A85 /* Assets.xcassets */ = {isa = PBXFileReference; lastKnownFileType = folder.assetcatalog; path = Assets.xcassets; sourceTree = "<group>"; };
		B6EBD16524D7A0AE008C7A85 /* Base */ = {isa = PBXFileReference; lastKnownFileType = file.storyboard; name = Base; path = Base.lproj/LaunchScreen.storyboard; sourceTree = "<group>"; };
		B6EBD16724D7A0AE008C7A85 /* Info.plist */ = {isa = PBXFileReference; lastKnownFileType = text.plist.xml; path = Info.plist; sourceTree = "<group>"; };
		B6EBD16C24D7A0AF008C7A85 /* TipCalcTests.xctest */ = {isa = PBXFileReference; explicitFileType = wrapper.cfbundle; includeInIndex = 0; path = TipCalcTests.xctest; sourceTree = BUILT_PRODUCTS_DIR; };
		B6EBD17024D7A0AF008C7A85 /* TipCalcTests.swift */ = {isa = PBXFileReference; lastKnownFileType = sourcecode.swift; path = TipCalcTests.swift; sourceTree = "<group>"; };
		B6EBD17224D7A0AF008C7A85 /* Info.plist */ = {isa = PBXFileReference; lastKnownFileType = text.plist.xml; path = Info.plist; sourceTree = "<group>"; };
		B6EBD17724D7A0AF008C7A85 /* TipCalcUITests.xctest */ = {isa = PBXFileReference; explicitFileType = wrapper.cfbundle; includeInIndex = 0; path = TipCalcUITests.xctest; sourceTree = BUILT_PRODUCTS_DIR; };
		B6EBD17B24D7A0AF008C7A85 /* TipCalcUITests.swift */ = {isa = PBXFileReference; lastKnownFileType = sourcecode.swift; path = TipCalcUITests.swift; sourceTree = "<group>"; };
		B6EBD17D24D7A0AF008C7A85 /* Info.plist */ = {isa = PBXFileReference; lastKnownFileType = text.plist.xml; path = Info.plist; sourceTree = "<group>"; };
/* End PBXFileReference section */

/* Begin PBXFrameworksBuildPhase section */
		B6EBD15324D7A0A8008C7A85 /* Frameworks */ = {
			isa = PBXFrameworksBuildPhase;
			buildActionMask = 2147483647;
			files = (
			);
			runOnlyForDeploymentPostprocessing = 0;
		};
		B6EBD16924D7A0AF008C7A85 /* Frameworks */ = {
			isa = PBXFrameworksBuildPhase;
			buildActionMask = 2147483647;
			files = (
			);
			runOnlyForDeploymentPostprocessing = 0;
		};
		B6EBD17424D7A0AF008C7A85 /* Frameworks */ = {
			isa = PBXFrameworksBuildPhase;
			buildActionMask = 2147483647;
			files = (
			);
			runOnlyForDeploymentPostprocessing = 0;
		};
/* End PBXFrameworksBuildPhase section */

/* Begin PBXGroup section */
		B6EBD14D24D7A0A8008C7A85 = {
			isa = PBXGroup;
			children = (
				B6EBD15824D7A0A8008C7A85 /* TipCalc */,
				B6EBD16F24D7A0AF008C7A85 /* TipCalcTests */,
				B6EBD17A24D7A0AF008C7A85 /* TipCalcUITests */,
				B6EBD15724D7A0A8008C7A85 /* Products */,
			);
			sourceTree = "<group>";
		};
		B6EBD15724D7A0A8008C7A85 /* Products */ = {
			isa = PBXGroup;
			children = (
				B6EBD15624D7A0A8008C7A85 /* TipCalc.app */,
				B6EBD16C24D7A0AF008C7A85 /* TipCalcTests.xctest */,
				B6EBD17724D7A0AF008C7A85 /* TipCalcUITests.xctest */,
			);
			name = Products;
			sourceTree = "<group>";
		};
		B6EBD15824D7A0A8008C7A85 /* TipCalc */ = {
			isa = PBXGroup;
			children = (
				B6EBD15924D7A0A8008C7A85 /* AppDelegate.swift */,
				B6EBD15B24D7A0A8008C7A85 /* SceneDelegate.swift */,
				B6EBD15D24D7A0A8008C7A85 /* ViewController.swift */,
				B6EBD15F24D7A0A8008C7A85 /* Main.storyboard */,
				B6EBD16224D7A0AE008C7A85 /* Assets.xcassets */,
				B6EBD16424D7A0AE008C7A85 /* LaunchScreen.storyboard */,
				B6EBD16724D7A0AE008C7A85 /* Info.plist */,
			);
			path = TipCalc;
			sourceTree = "<group>";
		};
		B6EBD16F24D7A0AF008C7A85 /* TipCalcTests */ = {
			isa = PBXGroup;
			children = (
				B6EBD17024D7A0AF008C7A85 /* TipCalcTests.swift */,
				B6EBD17224D7A0AF008C7A85 /* Info.plist */,
			);
			path = TipCalcTests;
			sourceTree = "<group>";
		};
		B6EBD17A24D7A0AF008C7A85 /* TipCalcUITests */ = {
			isa = PBXGroup;
			children = (
				B6EBD17B24D7A0AF008C7A85 /* TipCalcUITests.swift */,
				B6EBD17D24D7A0AF008C7A85 /* Info.plist */,
			);
			path = TipCalcUITests;
			sourceTree = "<group>";
		};
/* End PBXGroup section */

/* Begin PBXNativeTarget section */
		B6EBD15524D7A0A8008C7A85 /* TipCalc */ = {
			isa = PBXNativeTarget;
			buildConfigurationList = B6EBD18024D7A0AF008C7A85 /* Build configuration list for PBXNativeTarget "TipCalc" */;
			buildPhases = (
				B6EBD15224D7A0A8008C7A85 /* Sources */,
				B6EBD15324D7A0A8008C7A85 /* Frameworks */,
				B6EBD15424D7A0A8008C7A85 /* Resources */,
			);
			buildRules = (
			);
			dependencies = (
			);
			name = TipCalc;
			productName = TipCalc;
			productReference = B6EBD15624D7A0A8008C7A85 /* TipCalc.app */;
			productType = "com.apple.product-type.application";
		};
		B6EBD16B24D7A0AF008C7A85 /* TipCalcTests */ = {
			isa = PBXNativeTarget;
			buildConfigurationList = B6EBD18324D7A0AF008C7A85 /* Build configuration list for PBXNativeTarget "TipCalcTests" */;
			buildPhases = (
				B6EBD16824D7A0AF008C7A85 /* Sources */,
				B6EBD16924D7A0AF008C7A85 /* Frameworks */,
				B6EBD16A24D7A0AF008C7A85 /* Resources */,
			);
			buildRules = (
			);
			dependencies = (
				B6EBD16E24D7A0AF008C7A85 /* PBXTargetDependency */,
			);
			name = TipCalcTests;
			productName = TipCalcTests;
			productReference = B6EBD16C24D7A0AF008C7A85 /* TipCalcTests.xctest */;
			productType = "com.apple.product-type.bundle.unit-test";
		};
		B6EBD17624D7A0AF008C7A85 /* TipCalcUITests */ = {
			isa = PBXNativeTarget;
			buildConfigurationList = B6EBD18624D7A0AF008C7A85 /* Build configuration list for PBXNativeTarget "TipCalcUITests" */;
			buildPhases = (
				B6EBD17324D7A0AF008C7A85 /* Sources */,
				B6EBD17424D7A0AF008C7A85 /* Frameworks */,
				B6EBD17524D7A0AF008C7A85 /* Resources */,
			);
			buildRules = (
			);
			dependencies = (
				B6EBD17924D7A0AF008C7A85 /* PBXTargetDependency */,
			);
			name = TipCalcUITests;
			productName = TipCalcUITests;
			productReference = B6EBD17724D7A0AF008C7A85 /* TipCalcUITests.xctest */;
			productType = "com.apple.product-type.bundle.ui-testing";
		};
/* End PBXNativeTarget section */

/* Begin PBXProject section */
		B6EBD14E24D7A0A8008C7A85 /* Project object */ = {
			isa = PBXProject;
			attributes = {
				LastSwiftUpdateCheck = 1160;
				LastUpgradeCheck = 1160;
				ORGANIZATIONNAME = CodePath;
				TargetAttributes = {
					B6EBD15524D7A0A8008C7A85 = {
						CreatedOnToolsVersion = 11.6;
					};
					B6EBD16B24D7A0AF008C7A85 = {
						CreatedOnToolsVersion = 11.6;
						TestTargetID = B6EBD15524D7A0A8008C7A85;
					};
					B6EBD17624D7A0AF008C7A85 = {
						CreatedOnToolsVersion = 11.6;
						TestTargetID = B6EBD15524D7A0A8008C7A85;
					};
				};
			};
			buildConfigurationList = B6EBD15124D7A0A8008C7A85 /* Build configuration list for PBXProject "TipCalc" */;
			compatibilityVersion = "Xcode 9.3";
			developmentRegion = en;
			hasScannedForEncodings = 0;
			knownRegions = (
				en,
				Base,
			);
			mainGroup = B6EBD14D24D7A0A8008C7A85;
			productRefGroup = B6EBD15724D7A0A8008C7A85 /* Products */;
			projectDirPath = "";
			projectRoot = "";
			targets = (
				B6EBD15524D7A0A8008C7A85 /* TipCalc */,
				B6EBD16B24D7A0AF008C7A85 /* TipCalcTests */,
				B6EBD17624D7A0AF008C7A85 /* TipCalcUITests */,
			);
		};
/* End PBXProject section */

/* Begin PBXResourcesBuildPhase section */
		B6EBD15424D7A0A8008C7A85 /* Resources */ = {
			isa = PBXResourcesBuildPhase;
			buildActionMask = 2147483647;
			files = (
				B6EBD16624D7A0AE008C7A85 /* LaunchScreen.storyboard in Resources */,
				B6EBD16324D7A0AE008C7A85 /* Assets.xcassets in Resources */,
				B6EBD16124D7A0A8008C7A85 /* Main.storyboard in Resources */,
			);
			runOnlyForDeploymentPostprocessing = 0;
		};
		B6EBD16A24D7A0AF008C7A85 /* Resources */ = {
			isa = PBXResourcesBuildPhase;
			buildActionMask = 2147483647;
			files = (
			);
			runOnlyForDeploymentPostprocessing = 0;
		};
		B6EBD17524D7A0AF008C7A85 /* Resources */ = {
			isa = PBXResourcesBuildPhase;
			buildActionMask = 2147483647;
			files = (
			);
			runOnlyForDeploymentPostprocessing = 0;
		};
/* End PBXResourcesBuildPhase section */

/* Begin PBXSourcesBuildPhase section */
		B6EBD15224D7A0A8008C7A85 /* Sources */ = {
			isa = PBXSourcesBuildPhase;
			buildActionMask = 2147483647;
			files = (
				B6EBD15E24D7A0A8008C7A85 /* ViewController.swift in Sources */,
				B6EBD15A24D7A0A8008C7A85 /* AppDelegate.swift in Sources */,
				B6EBD15C24D7A0A8008C7A85 /* SceneDelegate.swift in Sources */,
			);
			runOnlyForDeploymentPostprocessing = 0;
		};
		B6EBD16824D7A0AF008C7A85 /* Sources */ = {
			isa = PBXSourcesBuildPhase;
			buildActionMask = 2147483647;
			files = (
				B6EBD17124D7A0AF008C7A85 /* TipCalcTests.swift in Sources */,
			);
			runOnlyForDeploymentPostprocessing = 0;
		};
		B6EBD17324D7A0AF008C7A85 /* Sources */ = {
			isa = PBXSourcesBuildPhase;
			buildActionMask = 2147483647;
			files = (
				B6EBD17C24D7A0AF008C7A85 /* TipCalcUITests.swift in Sources */,
			);
			runOnlyForDeploymentPostprocessing = 0;
		};
/* End PBXSourcesBuildPhase section */

/* Begin PBXTargetDependency section */
		B6EBD16E24D7A0AF008C7A85 /* PBXTargetDependency */ = {
			isa = PBXTargetDependency;
			target = B6EBD15524D7A0A8008C7A85 /* TipCalc */;
			targetProxy = B6EBD16D24D7A0AF008C7A85 /* PBXContainerItemProxy */;
		};
		B6EBD17924D7A0AF008C7A85 /* PBXTargetDependency */ = {
			isa = PBXTargetDependency;
			target = B6EBD15524D7A0A8008C7A85 /* TipCalc */;
			targetProxy = B6EBD17824D7A0AF008C7A85 /* PBXContainerItemProxy */;
		};
/* End PBXTargetDependency section */

/* Begin PBXVariantGroup section */
		B6EBD15F24D7A0A8008C7A85 /* Main.storyboard */ = {
			isa = PBXVariantGroup;
			children = (
				B6EBD16024D7A0A8008C7A85 /* Base */,
			);
			name = Main.storyboard;
			sourceTree = "<group>";
		};
		B6EBD16424D7A0AE008C7A85 /* LaunchScreen.storyboard */ = {
			isa = PBXVariantGroup;
			children = (
				B6EBD16524D7A0AE008C7A85 /* Base */,
			);
			name = LaunchScreen.storyboard;
			sourceTree = "<group>";
		};
/* End PBXVariantGroup section */

/* Begin XCBuildConfiguration section */
		B6EBD17E24D7A0AF008C7A85 /* Debug */ = {
			isa = XCBuildConfiguration;
			buildSettings = {
				ALWAYS_SEARCH_USER_PATHS = NO;
				CLANG_ANALYZER_NONNULL = YES;
				CLANG_ANALYZER_NUMBER_OBJECT_CONVERSION = YES_AGGRESSIVE;
				CLANG_CXX_LANGUAGE_STANDARD = "gnu++14";
				CLANG_CXX_LIBRARY = "libc++";
				CLANG_ENABLE_MODULES = YES;
				CLANG_ENABLE_OBJC_ARC = YES;
				CLANG_ENABLE_OBJC_WEAK = YES;
				CLANG_WARN_BLOCK_CAPTURE_AUTORELEASING = YES;
				CLANG_WARN_BOOL_CONVERSION = YES;
				CLANG_WARN_COMMA = YES;
				CLANG_WARN_CONSTANT_CONVERSION = YES;
				CLANG_WARN_DEPRECATED_OBJC_IMPLEMENTATIONS = YES;
				CLANG_WARN_DIRECT_OBJC_ISA_USAGE = YES_ERROR;
				CLANG_WARN_DOCUMENTATION_COMMENTS = YES;
				CLANG_WARN_EMPTY_BODY = YES;
				CLANG_WARN_ENUM_CONVERSION = YES;
				CLANG_WARN_INFINITE_RECURSION = YES;
				CLANG_WARN_INT_CONVERSION = YES;
				CLANG_WARN_NON_LITERAL_NULL_CONVERSION = YES;
				CLANG_WARN_OBJC_IMPLICIT_RETAIN_SELF = YES;
				CLANG_WARN_OBJC_LITERAL_CONVERSION = YES;
				CLANG_WARN_OBJC_ROOT_CLASS = YES_ERROR;
				CLANG_WARN_RANGE_LOOP_ANALYSIS = YES;
				CLANG_WARN_STRICT_PROTOTYPES = YES;
				CLANG_WARN_SUSPICIOUS_MOVE = YES;
				CLANG_WARN_UNGUARDED_AVAILABILITY = YES_AGGRESSIVE;
				CLANG_WARN_UNREACHABLE_CODE = YES;
				CLANG_WARN__DUPLICATE_METHOD_MATCH = YES;
				COPY_PHASE_STRIP = NO;
				DEBUG_INFORMATION_FORMAT = dwarf;
				ENABLE_STRICT_OBJC_MSGSEND = YES;
				ENABLE_TESTABILITY = YES;
				GCC_C_LANGUAGE_STANDARD = gnu11;
				GCC_DYNAMIC_NO_PIC = NO;
				GCC_NO_COMMON_BLOCKS = YES;
				GCC_OPTIMIZATION_LEVEL = 0;
				GCC_PREPROCESSOR_DEFINITIONS = (
					"DEBUG=1",
					"$(inherited)",
				);
				GCC_WARN_64_TO_32_BIT_CONVERSION = YES;
				GCC_WARN_ABOUT_RETURN_TYPE = YES_ERROR;
				GCC_WARN_UNDECLARED_SELECTOR = YES;
				GCC_WARN_UNINITIALIZED_AUTOS = YES_AGGRESSIVE;
				GCC_WARN_UNUSED_FUNCTION = YES;
				GCC_WARN_UNUSED_VARIABLE = YES;
				IPHONEOS_DEPLOYMENT_TARGET = 13.6;
				MTL_ENABLE_DEBUG_INFO = INCLUDE_SOURCE;
				MTL_FAST_MATH = YES;
				ONLY_ACTIVE_ARCH = YES;
				SDKROOT = iphoneos;
				SWIFT_ACTIVE_COMPILATION_CONDITIONS = DEBUG;
				SWIFT_OPTIMIZATION_LEVEL = "-Onone";
			};
			name = Debug;
		};
		B6EBD17F24D7A0AF008C7A85 /* Release */ = {
			isa = XCBuildConfiguration;
			buildSettings = {
				ALWAYS_SEARCH_USER_PATHS = NO;
				CLANG_ANALYZER_NONNULL = YES;
				CLANG_ANALYZER_NUMBER_OBJECT_CONVERSION = YES_AGGRESSIVE;
				CLANG_CXX_LANGUAGE_STANDARD = "gnu++14";
				CLANG_CXX_LIBRARY = "libc++";
				CLANG_ENABLE_MODULES = YES;
				CLANG_ENABLE_OBJC_ARC = YES;
				CLANG_ENABLE_OBJC_WEAK = YES;
				CLANG_WARN_BLOCK_CAPTURE_AUTORELEASING = YES;
				CLANG_WARN_BOOL_CONVERSION = YES;
				CLANG_WARN_COMMA = YES;
				CLANG_WARN_CONSTANT_CONVERSION = YES;
				CLANG_WARN_DEPRECATED_OBJC_IMPLEMENTATIONS = YES;
				CLANG_WARN_DIRECT_OBJC_ISA_USAGE = YES_ERROR;
				CLANG_WARN_DOCUMENTATION_COMMENTS = YES;
				CLANG_WARN_EMPTY_BODY = YES;
				CLANG_WARN_ENUM_CONVERSION = YES;
				CLANG_WARN_INFINITE_RECURSION = YES;
				CLANG_WARN_INT_CONVERSION = YES;
				CLANG_WARN_NON_LITERAL_NULL_CONVERSION = YES;
				CLANG_WARN_OBJC_IMPLICIT_RETAIN_SELF = YES;
				CLANG_WARN_OBJC_LITERAL_CONVERSION = YES;
				CLANG_WARN_OBJC_ROOT_CLASS = YES_ERROR;
				CLANG_WARN_RANGE_LOOP_ANALYSIS = YES;
				CLANG_WARN_STRICT_PROTOTYPES = YES;
				CLANG_WARN_SUSPICIOUS_MOVE = YES;
				CLANG_WARN_UNGUARDED_AVAILABILITY = YES_AGGRESSIVE;
				CLANG_WARN_UNREACHABLE_CODE = YES;
				CLANG_WARN__DUPLICATE_METHOD_MATCH = YES;
				COPY_PHASE_STRIP = NO;
				DEBUG_INFORMATION_FORMAT = "dwarf-with-dsym";
				ENABLE_NS_ASSERTIONS = NO;
				ENABLE_STRICT_OBJC_MSGSEND = YES;
				GCC_C_LANGUAGE_STANDARD = gnu11;
				GCC_NO_COMMON_BLOCKS = YES;
				GCC_WARN_64_TO_32_BIT_CONVERSION = YES;
				GCC_WARN_ABOUT_RETURN_TYPE = YES_ERROR;
				GCC_WARN_UNDECLARED_SELECTOR = YES;
				GCC_WARN_UNINITIALIZED_AUTOS = YES_AGGRESSIVE;
				GCC_WARN_UNUSED_FUNCTION = YES;
				GCC_WARN_UNUSED_VARIABLE = YES;
				IPHONEOS_DEPLOYMENT_TARGET = 13.6;
				MTL_ENABLE_DEBUG_INFO = NO;
				MTL_FAST_MATH = YES;
				SDKROOT = iphoneos;
				SWIFT_COMPILATION_MODE = wholemodule;
				SWIFT_OPTIMIZATION_LEVEL = "-O";
				VALIDATE_PRODUCT = YES;
			};
			name = Release;
		};
		B6EBD18124D7A0AF008C7A85 /* Debug */ = {
			isa = XCBuildConfiguration;
			buildSettings = {
				ASSETCATALOG_COMPILER_APPICON_NAME = AppIcon;
				CODE_SIGN_STYLE = Automatic;
				INFOPLIST_FILE = TipCalc/Info.plist;
				LD_RUNPATH_SEARCH_PATHS = (
					"$(inherited)",
					"@executable_path/Frameworks",
				);
				PRODUCT_BUNDLE_IDENTIFIER = CodePath.TipCalc;
				PRODUCT_NAME = "$(TARGET_NAME)";
				SWIFT_VERSION = 5.0;
				TARGETED_DEVICE_FAMILY = "1,2";
			};
			name = Debug;
		};
		B6EBD18224D7A0AF008C7A85 /* Release */ = {
			isa = XCBuildConfiguration;
			buildSettings = {
				ASSETCATALOG_COMPILER_APPICON_NAME = AppIcon;
				CODE_SIGN_STYLE = Automatic;
				INFOPLIST_FILE = TipCalc/Info.plist;
				LD_RUNPATH_SEARCH_PATHS = (
					"$(inherited)",
					"@executable_path/Frameworks",
				);
				PRODUCT_BUNDLE_IDENTIFIER = CodePath.TipCalc;
				PRODUCT_NAME = "$(TARGET_NAME)";
				SWIFT_VERSION = 5.0;
				TARGETED_DEVICE_FAMILY = "1,2";
			};
			name = Release;
		};
		B6EBD18424D7A0AF008C7A85 /* Debug */ = {
			isa = XCBuildConfiguration;
			buildSettings = {
				ALWAYS_EMBED_SWIFT_STANDARD_LIBRARIES = YES;
				BUNDLE_LOADER = "$(TEST_HOST)";
				CODE_SIGN_STYLE = Automatic;
				INFOPLIST_FILE = TipCalcTests/Info.plist;
				IPHONEOS_DEPLOYMENT_TARGET = 13.6;
				LD_RUNPATH_SEARCH_PATHS = (
					"$(inherited)",
					"@executable_path/Frameworks",
					"@loader_path/Frameworks",
				);
				PRODUCT_BUNDLE_IDENTIFIER = CodePath.TipCalcTests;
				PRODUCT_NAME = "$(TARGET_NAME)";
				SWIFT_VERSION = 5.0;
				TARGETED_DEVICE_FAMILY = "1,2";
				TEST_HOST = "$(BUILT_PRODUCTS_DIR)/TipCalc.app/TipCalc";
			};
			name = Debug;
		};
		B6EBD18524D7A0AF008C7A85 /* Release */ = {
			isa = XCBuildConfiguration;
			buildSettings = {
				ALWAYS_EMBED_SWIFT_STANDARD_LIBRARIES = YES;
				BUNDLE_LOADER = "$(TEST_HOST)";
				CODE_SIGN_STYLE = Automatic;
				INFOPLIST_FILE = TipCalcTests/Info.plist;
				IPHONEOS_DEPLOYMENT_TARGET = 13.6;
				LD_RUNPATH_SEARCH_PATHS = (
					"$(inherited)",
					"@executable_path/Frameworks",
					"@loader_path/Frameworks",
				);
				PRODUCT_BUNDLE_IDENTIFIER = CodePath.TipCalcTests;
				PRODUCT_NAME = "$(TARGET_NAME)";
				SWIFT_VERSION = 5.0;
				TARGETED_DEVICE_FAMILY = "1,2";
				TEST_HOST = "$(BUILT_PRODUCTS_DIR)/TipCalc.app/TipCalc";
			};
			name = Release;
		};
		B6EBD18724D7A0AF008C7A85 /* Debug */ = {
			isa = XCBuildConfiguration;
			buildSettings = {
				ALWAYS_EMBED_SWIFT_STANDARD_LIBRARIES = YES;
				CODE_SIGN_STYLE = Automatic;
				INFOPLIST_FILE = TipCalcUITests/Info.plist;
				LD_RUNPATH_SEARCH_PATHS = (
					"$(inherited)",
					"@executable_path/Frameworks",
					"@loader_path/Frameworks",
				);
				PRODUCT_BUNDLE_IDENTIFIER = CodePath.TipCalcUITests;
				PRODUCT_NAME = "$(TARGET_NAME)";
				SWIFT_VERSION = 5.0;
				TARGETED_DEVICE_FAMILY = "1,2";
				TEST_TARGET_NAME = TipCalc;
			};
			name = Debug;
		};
		B6EBD18824D7A0AF008C7A85 /* Release */ = {
			isa = XCBuildConfiguration;
			buildSettings = {
				ALWAYS_EMBED_SWIFT_STANDARD_LIBRARIES = YES;
				CODE_SIGN_STYLE = Automatic;
				INFOPLIST_FILE = TipCalcUITests/Info.plist;
				LD_RUNPATH_SEARCH_PATHS = (
					"$(inherited)",
					"@executable_path/Frameworks",
					"@loader_path/Frameworks",
				);
				PRODUCT_BUNDLE_IDENTIFIER = CodePath.TipCalcUITests;
				PRODUCT_NAME = "$(TARGET_NAME)";
				SWIFT_VERSION = 5.0;
				TARGETED_DEVICE_FAMILY = "1,2";
				TEST_TARGET_NAME = TipCalc;
			};
			name = Release;
		};
/* End XCBuildConfiguration section */

/* Begin XCConfigurationList section */
		B6EBD15124D7A0A8008C7A85 /* Build configuration list for PBXProject "TipCalc" */ = {
			isa = XCConfigurationList;
			buildConfigurations = (
				B6EBD17E24D7A0AF008C7A85 /* Debug */,
				B6EBD17F24D7A0AF008C7A85 /* Release */,
			);
			defaultConfigurationIsVisible = 0;
			defaultConfigurationName = Release;
		};
		B6EBD18024D7A0AF008C7A85 /* Build configuration list for PBXNativeTarget "TipCalc" */ = {
			isa = XCConfigurationList;
			buildConfigurations = (
				B6EBD18124D7A0AF008C7A85 /* Debug */,
				B6EBD18224D7A0AF008C7A85 /* Release */,
			);
			defaultConfigurationIsVisible = 0;
			defaultConfigurationName = Release;
		};
		B6EBD18324D7A0AF008C7A85 /* Build configuration list for PBXNativeTarget "TipCalcTests" */ = {
			isa = XCConfigurationList;
			buildConfigurations = (
				B6EBD18424D7A0AF008C7A85 /* Debug */,
				B6EBD18524D7A0AF008C7A85 /* Release */,
			);
			defaultConfigurationIsVisible = 0;
			defaultConfigurationName = Release;
		};
		B6EBD18624D7A0AF008C7A85 /* Build configuration list for PBXNativeTarget "TipCalcUITests" */ = {
			isa = XCConfigurationList;
			buildConfigurations = (
				B6EBD18724D7A0AF008C7A85 /* Debug */,
				B6EBD18824D7A0AF008C7A85 /* Release */,
			);
			defaultConfigurationIsVisible = 0;
			defaultConfigurationName = Release;
		};
/* End XCConfigurationList section */
	};
	rootObject = B6EBD14E24D7A0A8008C7A85 /* Project object */;
}
